{
  "name": "apollonius",
  "version": "0.0.1",
  "lockfileVersion": 1,
  "requires": true,
  "dependencies": {
    "@ungap/create-content": {
      "version": "0.1.4",
      "resolved": "https://registry.npmjs.org/@ungap/create-content/-/create-content-0.1.4.tgz",
      "integrity": "sha512-YM6YQkF5wUxJlw5yDzEAzJfPK/kXR/GxIARx4NNJCInfx/nirHmy3ujPjfi7CaXjcVCwyfpv3vKQm6h762lbRA=="
    },
    "@ungap/custom-event": {
      "version": "0.2.0",
      "resolved": "https://registry.npmjs.org/@ungap/custom-event/-/custom-event-0.2.0.tgz",
      "integrity": "sha512-jovJx+4IaAL8JAzepJXDBVlS9t9mR3vKbbjcHwHCF+sN0KKCYQ2pNVAlQYiRrPqeNBl5VXU7uUDOKBg9ODB+0Q=="
    },
    "@ungap/essential-map": {
      "version": "0.1.7",
      "resolved": "https://registry.npmjs.org/@ungap/essential-map/-/essential-map-0.1.7.tgz",
      "integrity": "sha512-zkugZ6xxu0tHHTOfoce5B7ax2anIRP7hGIwKh5MEWH5mWPNXLigxEubkKv5WLUsFELCdKaMfjdqfI0H0/tLhpw=="
    },
    "@ungap/import-node": {
      "version": "0.1.0",
      "resolved": "https://registry.npmjs.org/@ungap/import-node/-/import-node-0.1.0.tgz",
      "integrity": "sha512-FymNeJTWYNrZcnj7HFJwdaAZWrD1bUv8Na60RGIA142qtaRcOZs0KHGh+QSy7u7GNpW6wGnw9EdCQx4IYPE8cg=="
    },
    "@ungap/template-literal": {
      "version": "0.1.3",
      "resolved": "https://registry.npmjs.org/@ungap/template-literal/-/template-literal-0.1.3.tgz",
      "integrity": "sha512-Aq8rtiS7gl+Lr5gsJth4msma13U8jT8mvLcwl5ywuG78gYw0geS9LZHtukmoznSk4zeIQLsdHNbj8jGsyOi9NA=="
    },
    "@ungap/template-tag-arguments": {
      "version": "0.1.1",
      "resolved": "https://registry.npmjs.org/@ungap/template-tag-arguments/-/template-tag-arguments-0.1.1.tgz",
      "integrity": "sha512-I65wDfgfLaqtCXATTQmudZ92Pp9rtM2+9uvsKP8JPiGoN+XsM7dM7NYWnYX8nt7DU/Z4qZNRwTib+xYPNuB10w==",
      "requires": {
        "@ungap/template-literal": "^0.1.3"
      }
    },
    "@ungap/trim": {
      "version": "0.1.1",
      "resolved": "https://registry.npmjs.org/@ungap/trim/-/trim-0.1.1.tgz",
      "integrity": "sha512-f2jiPMFD8qmoNV5kxZ6RwSwmnloxtGUcG3W5Fbe9rC3vwXlPxWT0g5J0mN3+rM9C/u1p24gIVTSxNBPOtyu7Sw=="
    },
    "@ungap/weakmap": {
      "version": "0.1.4",
      "resolved": "https://registry.npmjs.org/@ungap/weakmap/-/weakmap-0.1.4.tgz",
      "integrity": "sha512-TO4TTwlQXdjHKoWgKxsMqApnOV8JruaNilqOg0I04MTYb5+fj9taIVijS4ILwWg0ytQY5DwTKzPWj+0G+7bsXw=="
    },
    "@ungap/weakset": {
      "version": "0.1.5",
      "resolved": "https://registry.npmjs.org/@ungap/weakset/-/weakset-0.1.5.tgz",
      "integrity": "sha512-C8hEf9h8OjdiOkO4onVTRld6ssMGma9rkaXw6k97p2Hi9PRIHJHV9evEqFy2VVS+koLtTw4Bf4qFOwTGobazkA=="
    },
    "augmentor": {
      "version": "0.2.6",
      "resolved": "https://registry.npmjs.org/augmentor/-/augmentor-0.2.6.tgz",
      "integrity": "sha512-j3XvUAbwNTtfRBTkD0O+G4p1XOf6EqWZriqPafP/kv9kMRDqnAbcWkt0FEG9dNKfvGPVXxnR/5lOKZrwmblesA=="
    },
    "builtin-modules": {
      "version": "3.0.0",
      "resolved": "https://registry.npmjs.org/builtin-modules/-/builtin-modules-3.0.0.tgz",
      "integrity": "sha512-hMIeU4K2ilbXV6Uv93ZZ0Avg/M91RaKXucQ+4me2Do1txxBDyDZWCBa5bJSLqoNTRpXTLwEzIk1KmloenDDjhg=="
    },
    "disconnected": {
      "version": "0.1.6",
      "resolved": "https://registry.npmjs.org/disconnected/-/disconnected-0.1.6.tgz",
      "integrity": "sha512-HU7IB9cbQT+ltplB1x5NnEu9g8qHzSRfRw00EPTQKyGpih+MdfCz3bOnczHjtoYWrP6h4cX6e+dJhxJTpTYiMQ=="
    },
    "dom-augmentor": {
      "version": "0.2.8",
      "resolved": "https://registry.npmjs.org/dom-augmentor/-/dom-augmentor-0.2.8.tgz",
      "integrity": "sha512-krUYEsy0Mh+Q7Tdar7TyDybNb89SpuJDZK3sFbyxF1LUK2zUeLMv74y/NEy2JOjXE/A/3/8HZheJeeZ1hnfiyg==",
      "requires": {
        "@ungap/custom-event": "^0.2.0",
        "@ungap/weakset": "^0.1.5",
        "augmentor": "^0.2.6",
        "disconnected": "^0.1.6"
      }
    },
    "domdiff": {
      "version": "2.0.3",
      "resolved": "https://registry.npmjs.org/domdiff/-/domdiff-2.0.3.tgz",
      "integrity": "sha512-De9vNvWnTIhvNs95ZShYY7Bk8dBa4sQ5KS0evKqF5t5f0sywYiw3OmhDbPONoHDZ33toaZOFerZH/qsjeXCm0g==",
      "requires": {
        "@ungap/essential-map": "^0.1.7"
      }
    },
    "domtagger": {
      "version": "0.2.3",
      "resolved": "https://registry.npmjs.org/domtagger/-/domtagger-0.2.3.tgz",
      "integrity": "sha512-rEJNe3JqS7tth78ysOGvl2hMQKx9jABjsF76T6MRYjEnzbzLXZsJmTMrreUtybIw4TwRDRkT8UeP854omaiTkA==",
      "requires": {
        "@ungap/create-content": "^0.1.4",
        "@ungap/essential-map": "^0.1.7",
        "@ungap/import-node": "^0.1.0",
        "@ungap/trim": "^0.1.1",
        "@ungap/weakmap": "^0.1.4"
      }
    },
    "esm": {
      "version": "3.2.18",
      "resolved": "https://registry.npmjs.org/esm/-/esm-3.2.18.tgz",
      "integrity": "sha512-1UENjnnI37UDp7KuOqKYjfqdaMim06eBWnDv37smaxTIzDl0ZWnlgoXwsVwD9+Lidw+q/f1gUf2diVMDCycoVw=="
    },
    "hyperhtml-style": {
      "version": "0.1.2",
      "resolved": "https://registry.npmjs.org/hyperhtml-style/-/hyperhtml-style-0.1.2.tgz",
      "integrity": "sha512-ZDRYNClEaqUS0a8RAED0nQRqWmZk7ctdyij3Iw/PqUUef6xhYO87nx9vJNuxg7Yc6J2FdJjXRKbB0iud2ZyzwQ=="
    },
    "hyperhtml-wire": {
      "version": "2.1.0",
      "resolved": "https://registry.npmjs.org/hyperhtml-wire/-/hyperhtml-wire-2.1.0.tgz",
      "integrity": "sha512-LqFs/MgvxyMVM8O3Fx7QcCDWWkga3JeMA7C1inHM71PIchupSyj2u/zG8Blw+KfJHIFmEsx09KxOrgykGqoopQ=="
    },
    "is-module": {
      "version": "1.0.0",
      "resolved": "https://registry.npmjs.org/is-module/-/is-module-1.0.0.tgz",
      "integrity": "sha1-Mlj7afeMFNW4FdZkM2tM/7ZEFZE="
    },
    "lighterhtml": {
      "version": "0.9.2",
      "resolved": "https://registry.npmjs.org/lighterhtml/-/lighterhtml-0.9.2.tgz",
      "integrity": "sha512-Hv05PgdEcasiBXEgy20/IA8f0k+t4MIjjiZp2GwRMypWRc7h8bPECYmdq2kV0tE4V1ND3H20Fk3NkdubnR+TeA==",
      "requires": {
        "@ungap/create-content": "^0.1.4",
        "@ungap/template-tag-arguments": "^0.1.1",
        "@ungap/weakmap": "^0.1.4",
        "domdiff": "^2.0.3",
        "domtagger": "^0.2.3",
        "hyperhtml-style": "^0.1.2",
        "hyperhtml-wire": "^2.1.0"
      }
    },
    "literally-html": {
      "version": "0.1.1",
      "resolved": "https://registry.npmjs.org/literally-html/-/literally-html-0.1.1.tgz",
      "integrity": "sha512-5m0devnv6aZp5PKtyiXCYZil0iOKvJY/nd4YgCjNGskhze26lV7BbGYVuyl/SG92Cl+LB0h8NIV1+PFiaIRNGA==",
      "dev": true,
      "requires": {
        "typescript-lit-html-plugin": "0.2.0"
      }
    },
    "neverland": {
      "version": "1.2.4",
      "resolved": "https://registry.npmjs.org/neverland/-/neverland-1.2.4.tgz",
      "integrity": "sha512-Sz1IaD0JnCCtL7sSyRcoOAwrkwc7BOtem9bT14wQsl1PWlLsFYnbaKeZ1bd06FNzIrrbHQElUFb3yLoJVn437w==",
      "requires": {
        "dom-augmentor": "^0.2.8",
        "lighterhtml": "^0.9.0"
      }
    },
    "path-parse": {
      "version": "1.0.6",
      "resolved": "https://registry.npmjs.org/path-parse/-/path-parse-1.0.6.tgz",
      "integrity": "sha512-GSmOT2EbHrINBf9SR7CDELwlJ8AENk3Qn7OikK4nFYAu3Ote2+JYNVvkpAEQm3/TLNEJFD/xZJjzyxg3KBWOzw=="
    },
    "resolve": {
      "version": "1.10.0",
      "resolved": "https://registry.npmjs.org/resolve/-/resolve-1.10.0.tgz",
      "integrity": "sha512-3sUr9aq5OfSg2S9pNtPA9hL1FVEAjvfOC4leW0SNf/mpnaakz2a9femSd6LqAww2RaFctwyf1lCqnTHuF1rxDg==",
      "requires": {
        "path-parse": "^1.0.6"
      }
    },
    "rollup-plugin-node-resolve": {
      "version": "4.0.1",
      "resolved": "https://registry.npmjs.org/rollup-plugin-node-resolve/-/rollup-plugin-node-resolve-4.0.1.tgz",
      "integrity": "sha512-fSS7YDuCe0gYqKsr5OvxMloeZYUSgN43Ypi1WeRZzQcWtHgFayV5tUSPYpxuaioIIWaBXl6NrVk0T2/sKwueLg==",
      "requires": {
        "builtin-modules": "^3.0.0",
        "is-module": "^1.0.0",
        "resolve": "^1.10.0"
      }
    },
    "typescript": {
      "version": "2.9.2",
      "resolved": "https://registry.npmjs.org/typescript/-/typescript-2.9.2.tgz",
      "integrity": "sha512-Gr4p6nFNaoufRIY4NMdpQRNmgxVIGMs4Fcu/ujdYk3nAZqk7supzBE9idmvfZIlH/Cuj//dvi+019qEue9lV0w=="
    },
    "typescript-lit-html-plugin": {
      "version": "0.2.0",
      "resolved": "https://registry.npmjs.org/typescript-lit-html-plugin/-/typescript-lit-html-plugin-0.2.0.tgz",
      "integrity": "sha512-o3bhUh6duF39OAZZZSQlXOpwEST3Lxg1zC466pyB/lpCfK0vcpLovba0yZarMx11kzrIj++LC1+w3lWgYhO9Pg==",
      "dev": true,
      "requires": {
        "typescript-template-language-service-decorator": "^1.1.0",
        "vscode-html-languageservice": "^2.0.10",
        "vscode-languageserver-types": "^3.4.0"
      }
    },
    "typescript-template-language-service-decorator": {
      "version": "1.7.1",
      "resolved": "https://registry.npmjs.org/typescript-template-language-service-decorator/-/typescript-template-language-service-decorator-1.7.1.tgz",
      "integrity": "sha512-Gk0WBNe73T87lpiSj37Xmwzvt5zkKaHT1chY5+v2KP4uhpHktqIcV1hMpxmzAong38EIEhGZWeKtxjxGmTMbqg==",
      "dev": true
    },
    "vscode-html-languageservice": {
      "version": "2.1.11",
      "resolved": "https://registry.npmjs.org/vscode-html-languageservice/-/vscode-html-languageservice-2.1.11.tgz",
      "integrity": "sha512-wfENgWb7JjEhwsRHXhairumuxAGnFcMUwIut5P7SxGwNrJMDXkgfs6OUBZycQpbaXTkMEvwsKNKFqUQppW7P4g==",
      "dev": true,
      "requires": {
        "vscode-languageserver-types": "^3.13.0",
        "vscode-nls": "^4.0.0",
        "vscode-uri": "^1.0.6"
      }
    },
    "vscode-languageserver-types": {
      "version": "3.14.0",
      "resolved": "https://registry.npmjs.org/vscode-languageserver-types/-/vscode-languageserver-types-3.14.0.tgz",
      "integrity": "sha512-lTmS6AlAlMHOvPQemVwo3CezxBp0sNB95KNPkqp3Nxd5VFEnuG1ByM0zlRWos0zjO3ZWtkvhal0COgiV1xIA4A==",
      "dev": true
    },
    "vscode-nls": {
      "version": "4.1.0",
      "resolved": "https://registry.npmjs.org/vscode-nls/-/vscode-nls-4.1.0.tgz",
      "integrity": "sha512-zKsFWVzL1wlCezgaI3XiN42IT8DIPM1Qr+G+RBhiU3U0bJCdC8pPELakRCtuVT4wF3gBZjBrUDQ8mowL7hmgwA==",
      "dev": true
    },
    "vscode-uri": {
      "version": "1.0.6",
      "resolved": "https://registry.npmjs.org/vscode-uri/-/vscode-uri-1.0.6.tgz",
      "integrity": "sha512-sLI2L0uGov3wKVb9EB+vIQBl9tVP90nqRvxSoJ35vI3NjxE8jfsE5DSOhWgSunHSZmKS4OCi2jrtfxK7uyp2ww==",
      "dev": true
    }
  }
}
