dependencies:
  neverland: 1.2.4
devDependencies:
  literally-html: 0.1.1
  rollup-plugin-node-resolve: 4.0.1
  rollup-plugin-terser: 4.0.4
lockfileVersion: 5
packages:
  /@babel/code-frame/7.0.0:
    dependencies:
      '@babel/highlight': 7.0.0
    dev: true
    resolution:
      integrity: sha512-OfC2uemaknXr87bdLUkWog7nYuliM9Ij5HUcajsVcMCpQrcLmtxRbVFTIqmcSkSeYRBFBRxs2FiUqFJDLdiebA==
  /@babel/highlight/7.0.0:
    dependencies:
      chalk: 2.4.2
      esutils: 2.0.2
      js-tokens: 4.0.0
    dev: true
    resolution:
      integrity: sha512-UFMC4ZeFC48Tpvj7C8UgLvtkaUuovQX+5xNWrsIoMG8o2z+XFKjKaN9iVmS84dPwVN00W4wPmqvYoZF3EGAsfw==
  /@types/node/11.12.1:
    dev: true
    resolution:
      integrity: sha512-sKDlqv6COJrR7ar0+GqqhrXQDzQlMcqMnF2iEU6m9hLo8kxozoAGUazwPyELHlRVmjsbvlnGXjnzyptSXVmceA==
  /@ungap/create-content/0.1.4:
    dev: false
    resolution:
      integrity: sha512-YM6YQkF5wUxJlw5yDzEAzJfPK/kXR/GxIARx4NNJCInfx/nirHmy3ujPjfi7CaXjcVCwyfpv3vKQm6h762lbRA==
  /@ungap/custom-event/0.2.0:
    dev: false
    resolution:
      integrity: sha512-jovJx+4IaAL8JAzepJXDBVlS9t9mR3vKbbjcHwHCF+sN0KKCYQ2pNVAlQYiRrPqeNBl5VXU7uUDOKBg9ODB+0Q==
  /@ungap/essential-map/0.1.7:
    dev: false
    resolution:
      integrity: sha512-zkugZ6xxu0tHHTOfoce5B7ax2anIRP7hGIwKh5MEWH5mWPNXLigxEubkKv5WLUsFELCdKaMfjdqfI0H0/tLhpw==
  /@ungap/import-node/0.1.0:
    dev: false
    resolution:
      integrity: sha512-FymNeJTWYNrZcnj7HFJwdaAZWrD1bUv8Na60RGIA142qtaRcOZs0KHGh+QSy7u7GNpW6wGnw9EdCQx4IYPE8cg==
  /@ungap/template-literal/0.1.3:
    dev: false
    resolution:
      integrity: sha512-Aq8rtiS7gl+Lr5gsJth4msma13U8jT8mvLcwl5ywuG78gYw0geS9LZHtukmoznSk4zeIQLsdHNbj8jGsyOi9NA==
  /@ungap/template-tag-arguments/0.1.1:
    dependencies:
      '@ungap/template-literal': 0.1.3
    dev: false
    resolution:
      integrity: sha512-I65wDfgfLaqtCXATTQmudZ92Pp9rtM2+9uvsKP8JPiGoN+XsM7dM7NYWnYX8nt7DU/Z4qZNRwTib+xYPNuB10w==
  /@ungap/trim/0.1.1:
    dev: false
    resolution:
      integrity: sha512-f2jiPMFD8qmoNV5kxZ6RwSwmnloxtGUcG3W5Fbe9rC3vwXlPxWT0g5J0mN3+rM9C/u1p24gIVTSxNBPOtyu7Sw==
  /@ungap/weakmap/0.1.4:
    dev: false
    resolution:
      integrity: sha512-TO4TTwlQXdjHKoWgKxsMqApnOV8JruaNilqOg0I04MTYb5+fj9taIVijS4ILwWg0ytQY5DwTKzPWj+0G+7bsXw==
  /@ungap/weakset/0.1.5:
    dev: false
    resolution:
      integrity: sha512-C8hEf9h8OjdiOkO4onVTRld6ssMGma9rkaXw6k97p2Hi9PRIHJHV9evEqFy2VVS+koLtTw4Bf4qFOwTGobazkA==
  /ansi-styles/3.2.1:
    dependencies:
      color-convert: 1.9.3
    dev: true
    engines:
      node: '>=4'
    resolution:
      integrity: sha512-VT0ZI6kZRdTh8YyJw3SMbYm/u+NqfsAxEpWO0Pf9sq8/e94WxxOpPKx9FR1FlyCtOVDNOQ+8ntlqFxiRc+r5qA==
  /augmentor/0.2.6:
    dev: false
    resolution:
      integrity: sha512-j3XvUAbwNTtfRBTkD0O+G4p1XOf6EqWZriqPafP/kv9kMRDqnAbcWkt0FEG9dNKfvGPVXxnR/5lOKZrwmblesA==
  /buffer-from/1.1.1:
    dev: true
    resolution:
      integrity: sha512-MQcXEUbCKtEo7bhqEs6560Hyd4XaovZlO/k9V3hjVUF/zwW7KBVdSK4gIt/bzwS9MbR5qob+F5jusZsb0YQK2A==
  /builtin-modules/3.0.0:
    dev: true
    engines:
      node: '>=6'
    resolution:
      integrity: sha512-hMIeU4K2ilbXV6Uv93ZZ0Avg/M91RaKXucQ+4me2Do1txxBDyDZWCBa5bJSLqoNTRpXTLwEzIk1KmloenDDjhg==
  /chalk/2.4.2:
    dependencies:
      ansi-styles: 3.2.1
      escape-string-regexp: 1.0.5
      supports-color: 5.5.0
    dev: true
    engines:
      node: '>=4'
    resolution:
      integrity: sha512-Mti+f9lpJNcwF4tWV8/OrTTtF1gZi+f8FqlyAdouralcFWFQWF2+NgCHShjkCb+IFBLq9buZwE1xckQU4peSuQ==
  /color-convert/1.9.3:
    dependencies:
      color-name: 1.1.3
    dev: true
    resolution:
      integrity: sha512-QfAUtd+vFdAtFQcC8CCyYt1fYWxSqAiK2cSD6zDB8N3cpsEBAvRxp9zOGg6G/SHHJYAT88/az/IuDGALsNVbGg==
  /color-name/1.1.3:
    dev: true
    resolution:
      integrity: sha1-p9BVi9icQveV3UIyj3QIMcpTvCU=
  /commander/2.19.0:
    dev: true
    resolution:
      integrity: sha512-6tvAOO+D6OENvRAh524Dh9jcfKTYDQAqvqezbCW82xj5X0pSrcpxtvRKHLG0yBY6SD7PSDrJaj+0AiOcKVd1Xg==
  /core-util-is/1.0.2:
    dev: true
    resolution:
      integrity: sha1-tf1UIgqivFq1eqtxQMlAdUUDwac=
  /disconnected/0.1.6:
    dev: false
    resolution:
      integrity: sha512-HU7IB9cbQT+ltplB1x5NnEu9g8qHzSRfRw00EPTQKyGpih+MdfCz3bOnczHjtoYWrP6h4cX6e+dJhxJTpTYiMQ==
  /dom-augmentor/0.2.8:
    dependencies:
      '@ungap/custom-event': 0.2.0
      '@ungap/weakset': 0.1.5
      augmentor: 0.2.6
      disconnected: 0.1.6
    dev: false
    resolution:
      integrity: sha512-krUYEsy0Mh+Q7Tdar7TyDybNb89SpuJDZK3sFbyxF1LUK2zUeLMv74y/NEy2JOjXE/A/3/8HZheJeeZ1hnfiyg==
  /domdiff/2.0.3:
    dependencies:
      '@ungap/essential-map': 0.1.7
    dev: false
    resolution:
      integrity: sha512-De9vNvWnTIhvNs95ZShYY7Bk8dBa4sQ5KS0evKqF5t5f0sywYiw3OmhDbPONoHDZ33toaZOFerZH/qsjeXCm0g==
  /domtagger/0.2.3:
    dependencies:
      '@ungap/create-content': 0.1.4
      '@ungap/essential-map': 0.1.7
      '@ungap/import-node': 0.1.0
      '@ungap/trim': 0.1.1
      '@ungap/weakmap': 0.1.4
    dev: false
    resolution:
      integrity: sha512-rEJNe3JqS7tth78ysOGvl2hMQKx9jABjsF76T6MRYjEnzbzLXZsJmTMrreUtybIw4TwRDRkT8UeP854omaiTkA==
  /escape-string-regexp/1.0.5:
    dev: true
    engines:
      node: '>=0.8.0'
    resolution:
      integrity: sha1-G2HAViGQqN/2rjuyzwIAyhMLhtQ=
  /esutils/2.0.2:
    dev: true
    engines:
      node: '>=0.10.0'
    resolution:
      integrity: sha1-Cr9PHKpbyx96nYrMbepPqqBLrJs=
  /has-flag/3.0.0:
    dev: true
    engines:
      node: '>=4'
    resolution:
      integrity: sha1-tdRU3CGZriJWmfNGfloH87lVuv0=
  /hyperhtml-style/0.1.2:
    dev: false
    resolution:
      integrity: sha512-ZDRYNClEaqUS0a8RAED0nQRqWmZk7ctdyij3Iw/PqUUef6xhYO87nx9vJNuxg7Yc6J2FdJjXRKbB0iud2ZyzwQ==
  /hyperhtml-wire/2.1.0:
    dev: false
    resolution:
      integrity: sha512-LqFs/MgvxyMVM8O3Fx7QcCDWWkga3JeMA7C1inHM71PIchupSyj2u/zG8Blw+KfJHIFmEsx09KxOrgykGqoopQ==
  /inherits/2.0.3:
    dev: true
    resolution:
      integrity: sha1-Yzwsg+PaQqUC9SRmAiSA9CCCYd4=
  /is-module/1.0.0:
    dev: true
    resolution:
      integrity: sha1-Mlj7afeMFNW4FdZkM2tM/7ZEFZE=
  /isarray/1.0.0:
    dev: true
    resolution:
      integrity: sha1-u5NdSFgsuhaMBoNJV6VKPgcSTxE=
  /jest-worker/24.4.0:
    dependencies:
      '@types/node': 11.12.1
      merge-stream: 1.0.1
      supports-color: 6.1.0
    dev: true
    engines:
      node: '>= 6'
    resolution:
      integrity: sha512-BH9X/klG9vxwoO99ZBUbZFfV8qO0XNZ5SIiCyYK2zOuJBl6YJVAeNIQjcoOVNu4HGEHeYEKsUWws8kSlSbZ9YQ==
  /js-tokens/4.0.0:
    dev: true
    resolution:
      integrity: sha512-RdJUflcE3cUzKiMqQgsCu06FPu9UdIJO0beYbPhHN4k6apgJtifcoCtT9bcxOpYBtpD2kCM6Sbzg4CausW/PKQ==
  /lighterhtml/0.9.2:
    dependencies:
      '@ungap/create-content': 0.1.4
      '@ungap/template-tag-arguments': 0.1.1
      '@ungap/weakmap': 0.1.4
      domdiff: 2.0.3
      domtagger: 0.2.3
      hyperhtml-style: 0.1.2
      hyperhtml-wire: 2.1.0
    dev: false
    resolution:
      integrity: sha512-Hv05PgdEcasiBXEgy20/IA8f0k+t4MIjjiZp2GwRMypWRc7h8bPECYmdq2kV0tE4V1ND3H20Fk3NkdubnR+TeA==
  /literally-html/0.1.1:
    dependencies:
      typescript-lit-html-plugin: 0.2.0
    dev: true
    engines:
      vscode: ^1.15.0
    resolution:
      integrity: sha512-5m0devnv6aZp5PKtyiXCYZil0iOKvJY/nd4YgCjNGskhze26lV7BbGYVuyl/SG92Cl+LB0h8NIV1+PFiaIRNGA==
  /merge-stream/1.0.1:
    dependencies:
      readable-stream: 2.3.6
    dev: true
    resolution:
      integrity: sha1-QEEgLVCKNCugAXQAjfDCUbjBNeE=
  /neverland/1.2.4:
    dependencies:
      dom-augmentor: 0.2.8
      lighterhtml: 0.9.2
    dev: false
    resolution:
      integrity: sha512-Sz1IaD0JnCCtL7sSyRcoOAwrkwc7BOtem9bT14wQsl1PWlLsFYnbaKeZ1bd06FNzIrrbHQElUFb3yLoJVn437w==
  /path-parse/1.0.6:
    dev: true
    resolution:
      integrity: sha512-GSmOT2EbHrINBf9SR7CDELwlJ8AENk3Qn7OikK4nFYAu3Ote2+JYNVvkpAEQm3/TLNEJFD/xZJjzyxg3KBWOzw==
  /process-nextick-args/2.0.0:
    dev: true
    resolution:
      integrity: sha512-MtEC1TqN0EU5nephaJ4rAtThHtC86dNN9qCuEhtshvpVBkAW5ZO7BASN9REnF9eoXGcRub+pFuKEpOHE+HbEMw==
  /readable-stream/2.3.6:
    dependencies:
      core-util-is: 1.0.2
      inherits: 2.0.3
      isarray: 1.0.0
      process-nextick-args: 2.0.0
      safe-buffer: 5.1.2
      string_decoder: 1.1.1
      util-deprecate: 1.0.2
    dev: true
    resolution:
      integrity: sha512-tQtKA9WIAhBF3+VLAseyMqZeBjW0AHJoxOtYqSUZNJxauErmLbVm2FW1y+J/YA9dUrAC39ITejlZWhVIwawkKw==
  /resolve/1.10.0:
    dependencies:
      path-parse: 1.0.6
    dev: true
    resolution:
      integrity: sha512-3sUr9aq5OfSg2S9pNtPA9hL1FVEAjvfOC4leW0SNf/mpnaakz2a9femSd6LqAww2RaFctwyf1lCqnTHuF1rxDg==
  /rollup-plugin-node-resolve/4.0.1:
    dependencies:
      builtin-modules: 3.0.0
      is-module: 1.0.0
      resolve: 1.10.0
    dev: true
    resolution:
      integrity: sha512-fSS7YDuCe0gYqKsr5OvxMloeZYUSgN43Ypi1WeRZzQcWtHgFayV5tUSPYpxuaioIIWaBXl6NrVk0T2/sKwueLg==
  /rollup-plugin-terser/4.0.4:
    dependencies:
      '@babel/code-frame': 7.0.0
      jest-worker: 24.4.0
      serialize-javascript: 1.6.1
      terser: 3.17.0
    dev: true
    peerDependencies:
      rollup: '>=0.66.0 <2'
    resolution:
      integrity: sha512-wPANT5XKVJJ8RDUN0+wIr7UPd0lIXBo4UdJ59VmlPCtlFsE20AM+14pe+tk7YunCsWEiuzkDBY3QIkSCjtrPXg==
  /safe-buffer/5.1.2:
    dev: true
    resolution:
      integrity: sha512-Gd2UZBJDkXlY7GbJxfsE8/nvKkUEU1G38c1siN6QP6a9PT9MmHB8GnpscSmMJSoF8LOIrt8ud/wPtojys4G6+g==
  /serialize-javascript/1.6.1:
    dev: true
    resolution:
      integrity: sha512-A5MOagrPFga4YaKQSWHryl7AXvbQkEqpw4NNYMTNYUNV51bA8ABHgYFpqKx+YFFrw59xMV1qGH1R4AgoNIVgCw==
  /source-map-support/0.5.11:
    dependencies:
      buffer-from: 1.1.1
      source-map: 0.6.1
    dev: true
    resolution:
      integrity: sha512-//sajEx/fGL3iw6fltKMdPvy8kL3kJ2O3iuYlRoT3k9Kb4BjOoZ+BZzaNHeuaruSt+Kf3Zk9tnfAQg9/AJqUVQ==
  /source-map/0.6.1:
    dev: true
    engines:
      node: '>=0.10.0'
    resolution:
      integrity: sha512-UjgapumWlbMhkBgzT7Ykc5YXUT46F0iKu8SGXq0bcwP5dz/h0Plj6enJqjz1Zbq2l5WaqYnrVbwWOWMyF3F47g==
  /string_decoder/1.1.1:
    dependencies:
      safe-buffer: 5.1.2
    dev: true
    resolution:
      integrity: sha512-n/ShnvDi6FHbbVfviro+WojiFzv+s8MPMHBczVePfUpDJLwoLT0ht1l4YwBCbi8pJAveEEdnkHyPyTP/mzRfwg==
  /supports-color/5.5.0:
    dependencies:
      has-flag: 3.0.0
    dev: true
    engines:
      node: '>=4'
    resolution:
      integrity: sha512-QjVjwdXIt408MIiAqCX4oUKsgU2EqAGzs2Ppkm4aQYbjm+ZEWEcW4SfFNTr4uMNZma0ey4f5lgLrkB0aX0QMow==
  /supports-color/6.1.0:
    dependencies:
      has-flag: 3.0.0
    dev: true
    engines:
      node: '>=6'
    resolution:
      integrity: sha512-qe1jfm1Mg7Nq/NSh6XE24gPXROEVsWHxC1LIx//XNlD9iw7YZQGjZNjYN7xGaEG6iKdA8EtNFW6R0gjnVXp+wQ==
  /terser/3.17.0:
    dependencies:
      commander: 2.19.0
      source-map: 0.6.1
      source-map-support: 0.5.11
    dev: true
    engines:
      node: '>=6.0.0'
    hasBin: true
    resolution:
      integrity: sha512-/FQzzPJmCpjAH9Xvk2paiWrFq+5M6aVOf+2KRbwhByISDX/EujxsK+BAvrhb6H+2rtrLCHK9N01wO014vrIwVQ==
  /typescript-lit-html-plugin/0.2.0:
    dependencies:
      typescript-template-language-service-decorator: 1.7.1
      vscode-html-languageservice: 2.1.11
      vscode-languageserver-types: 3.14.0
    dev: true
    peerDependencies:
      typescript: ^2.3.0
    resolution:
      integrity: sha512-o3bhUh6duF39OAZZZSQlXOpwEST3Lxg1zC466pyB/lpCfK0vcpLovba0yZarMx11kzrIj++LC1+w3lWgYhO9Pg==
  /typescript-template-language-service-decorator/1.7.1:
    dev: true
    resolution:
      integrity: sha512-Gk0WBNe73T87lpiSj37Xmwzvt5zkKaHT1chY5+v2KP4uhpHktqIcV1hMpxmzAong38EIEhGZWeKtxjxGmTMbqg==
  /util-deprecate/1.0.2:
    dev: true
    resolution:
      integrity: sha1-RQ1Nyfpw3nMnYvvS1KKJgUGaDM8=
  /vscode-html-languageservice/2.1.11:
    dependencies:
      vscode-languageserver-types: 3.14.0
      vscode-nls: 4.1.0
      vscode-uri: 1.0.6
    dev: true
    resolution:
      integrity: sha512-wfENgWb7JjEhwsRHXhairumuxAGnFcMUwIut5P7SxGwNrJMDXkgfs6OUBZycQpbaXTkMEvwsKNKFqUQppW7P4g==
  /vscode-languageserver-types/3.14.0:
    dev: true
    resolution:
      integrity: sha512-lTmS6AlAlMHOvPQemVwo3CezxBp0sNB95KNPkqp3Nxd5VFEnuG1ByM0zlRWos0zjO3ZWtkvhal0COgiV1xIA4A==
  /vscode-nls/4.1.0:
    dev: true
    resolution:
      integrity: sha512-zKsFWVzL1wlCezgaI3XiN42IT8DIPM1Qr+G+RBhiU3U0bJCdC8pPELakRCtuVT4wF3gBZjBrUDQ8mowL7hmgwA==
  /vscode-uri/1.0.6:
    dev: true
    resolution:
      integrity: sha512-sLI2L0uGov3wKVb9EB+vIQBl9tVP90nqRvxSoJ35vI3NjxE8jfsE5DSOhWgSunHSZmKS4OCi2jrtfxK7uyp2ww==
specifiers:
  literally-html: ^0.1.1
  neverland: ^1.2.4
  rollup-plugin-node-resolve: ^4.0.1
  rollup-plugin-terser: ^4.0.4
